
Microsoft Visual Studio Solution File, Format Version 12.00
# Visual Studio 2012
Project("{FAE04EC0-301F-11D3-BF4B-00C04F79EFBC}") = "SIMLSentinela", "SIML.Sentinela\SIMLSentinela.csproj", "{53438A06-6D6D-46FE-A825-B0E3FC893812}"
EndProject
Project("{FAE04EC0-301F-11D3-BF4B-00C04F79EFBC}") = "SIML.Sentinela.BUS", "SIML.Sentinela.BUS\SIML.Sentinela.BUS.csproj", "{A119DB40-3E5B-4E41-A028-8FE0600CF9A2}"
EndProject
Project("{FAE04EC0-301F-11D3-BF4B-00C04F79EFBC}") = "SIML.Sentinela.ENT", "SIML.Sentinela.ENT\SIML.Sentinela.ENT.csproj", "{00ACBA5A-1C2D-4B99-8CD1-895A7D191B0B}"
EndProject
Project("{FAE04EC0-301F-11D3-BF4B-00C04F79EFBC}") = "SIML.Sentinela.DAO", "SIML.Sentinela.DAO\SIML.Sentinela.DAO.csproj", "{7A078C6E-A503-4437-B1CF-8B9309FD0E5E}"
EndProject
Global
	GlobalSection(SolutionConfigurationPlatforms) = preSolution
		Debug|Any CPU = Debug|Any CPU
		Release|Any CPU = Release|Any CPU
	EndGlobalSection
	GlobalSection(ProjectConfigurationPlatforms) = postSolution
		{53438A06-6D6D-46FE-A825-B0E3FC893812}.Debug|Any CPU.ActiveCfg = Debug|Any CPU
		{53438A06-6D6D-46FE-A825-B0E3FC893812}.Debug|Any CPU.Build.0 = Debug|Any CPU
		{53438A06-6D6D-46FE-A825-B0E3FC893812}.Release|Any CPU.ActiveCfg = Release|Any CPU
		{53438A06-6D6D-46FE-A825-B0E3FC893812}.Release|Any CPU.Build.0 = Release|Any CPU
		{A119DB40-3E5B-4E41-A028-8FE0600CF9A2}.Debug|Any CPU.ActiveCfg = Debug|Any CPU
		{A119DB40-3E5B-4E41-A028-8FE0600CF9A2}.Debug|Any CPU.Build.0 = Debug|Any CPU
		{A119DB40-3E5B-4E41-A028-8FE0600CF9A2}.Release|Any CPU.ActiveCfg = Release|Any CPU
		{A119DB40-3E5B-4E41-A028-8FE0600CF9A2}.Release|Any CPU.Build.0 = Release|Any CPU
		{00ACBA5A-1C2D-4B99-8CD1-895A7D191B0B}.Debug|Any CPU.ActiveCfg = Debug|Any CPU
		{00ACBA5A-1C2D-4B99-8CD1-895A7D191B0B}.Debug|Any CPU.Build.0 = Debug|Any CPU
		{00ACBA5A-1C2D-4B99-8CD1-895A7D191B0B}.Release|Any CPU.ActiveCfg = Release|Any CPU
		{00ACBA5A-1C2D-4B99-8CD1-895A7D191B0B}.Release|Any CPU.Build.0 = Release|Any CPU
		{7A078C6E-A503-4437-B1CF-8B9309FD0E5E}.Debug|Any CPU.ActiveCfg = Debug|Any CPU
		{7A078C6E-A503-4437-B1CF-8B9309FD0E5E}.Debug|Any CPU.Build.0 = Debug|Any CPU
		{7A078C6E-A503-4437-B1CF-8B9309FD0E5E}.Release|Any CPU.ActiveCfg = Release|Any CPU
		{7A078C6E-A503-4437-B1CF-8B9309FD0E5E}.Release|Any CPU.Build.0 = Release|Any CPU
	EndGlobalSection
	GlobalSection(SolutionProperties) = preSolution
		HideSolutionNode = FALSE
	EndGlobalSection
EndGlobal
